
Microsoft Visual Studio Solution File, Format Version 12.00
# Visual Studio 2013
VisualStudioVersion = 12.0.21005.1
MinimumVisualStudioVersion = 10.0.40219.1
Project("{FAE04EC0-301F-11D3-BF4B-00C04F79EFBC}") = "RQSFTP2", "RQSFTP2\RQSFTP2.csproj", "{CF6ADF23-922E-4E69-82BC-09F4F0D049AE}"
EndProject
Project("{FAE04EC0-301F-11D3-BF4B-00C04F79EFBC}") = "ABCRQSUtils", "..\..\Work Orders\13031 - ABC BOE Interfaces\src\ABCRQSUtils\ABCRQSUtils.csproj", "{E982C454-02B3-4812-A113-6086FEC2487F}"
EndProject
Project("{FAE04EC0-301F-11D3-BF4B-00C04F79EFBC}") = "SharpSSH", "..\SharpSSH-1.1.1.13.src\SharpSSH\SharpSSH.csproj", "{D27CF69D-4681-492A-BE4D-D3D209104423}"
EndProject
Project("{FAE04EC0-301F-11D3-BF4B-00C04F79EFBC}") = "Renci.SshNet", "..\SSH.NET-develop\src\Renci.SshNet\Renci.SshNet.csproj", "{2F5F8C90-0BD1-424F-997C-7BC6280919D1}"
EndProject
Global
	GlobalSection(SolutionConfigurationPlatforms) = preSolution
		Debug|Any CPU = Debug|Any CPU
		Debug|Mixed Platforms = Debug|Mixed Platforms
		Debug|x64 = Debug|x64
		Release|Any CPU = Release|Any CPU
		Release|Mixed Platforms = Release|Mixed Platforms
		Release|x64 = Release|x64
	EndGlobalSection
	GlobalSection(ProjectConfigurationPlatforms) = postSolution
		{CF6ADF23-922E-4E69-82BC-09F4F0D049AE}.Debug|Any CPU.ActiveCfg = Debug|Any CPU
		{CF6ADF23-922E-4E69-82BC-09F4F0D049AE}.Debug|Any CPU.Build.0 = Debug|Any CPU
		{CF6ADF23-922E-4E69-82BC-09F4F0D049AE}.Debug|Mixed Platforms.ActiveCfg = Debug|Any CPU
		{CF6ADF23-922E-4E69-82BC-09F4F0D049AE}.Debug|Mixed Platforms.Build.0 = Debug|Any CPU
		{CF6ADF23-922E-4E69-82BC-09F4F0D049AE}.Debug|x64.ActiveCfg = Debug|x64
		{CF6ADF23-922E-4E69-82BC-09F4F0D049AE}.Debug|x64.Build.0 = Debug|x64
		{CF6ADF23-922E-4E69-82BC-09F4F0D049AE}.Release|Any CPU.ActiveCfg = Release|Any CPU
		{CF6ADF23-922E-4E69-82BC-09F4F0D049AE}.Release|Any CPU.Build.0 = Release|Any CPU
		{CF6ADF23-922E-4E69-82BC-09F4F0D049AE}.Release|Mixed Platforms.ActiveCfg = Release|Any CPU
		{CF6ADF23-922E-4E69-82BC-09F4F0D049AE}.Release|Mixed Platforms.Build.0 = Release|Any CPU
		{CF6ADF23-922E-4E69-82BC-09F4F0D049AE}.Release|x64.ActiveCfg = Release|x64
		{CF6ADF23-922E-4E69-82BC-09F4F0D049AE}.Release|x64.Build.0 = Release|x64
		{E982C454-02B3-4812-A113-6086FEC2487F}.Debug|Any CPU.ActiveCfg = Debug|Any CPU
		{E982C454-02B3-4812-A113-6086FEC2487F}.Debug|Any CPU.Build.0 = Debug|Any CPU
		{E982C454-02B3-4812-A113-6086FEC2487F}.Debug|Mixed Platforms.ActiveCfg = Debug|Any CPU
		{E982C454-02B3-4812-A113-6086FEC2487F}.Debug|Mixed Platforms.Build.0 = Debug|Any CPU
		{E982C454-02B3-4812-A113-6086FEC2487F}.Debug|x64.ActiveCfg = Debug|x64
		{E982C454-02B3-4812-A113-6086FEC2487F}.Debug|x64.Build.0 = Debug|x64
		{E982C454-02B3-4812-A113-6086FEC2487F}.Release|Any CPU.ActiveCfg = Release|Any CPU
		{E982C454-02B3-4812-A113-6086FEC2487F}.Release|Any CPU.Build.0 = Release|Any CPU
		{E982C454-02B3-4812-A113-6086FEC2487F}.Release|Mixed Platforms.ActiveCfg = Release|Any CPU
		{E982C454-02B3-4812-A113-6086FEC2487F}.Release|Mixed Platforms.Build.0 = Release|Any CPU
		{E982C454-02B3-4812-A113-6086FEC2487F}.Release|x64.ActiveCfg = Release|x64
		{E982C454-02B3-4812-A113-6086FEC2487F}.Release|x64.Build.0 = Release|x64
		{D27CF69D-4681-492A-BE4D-D3D209104423}.Debug|Any CPU.ActiveCfg = Debug|Any CPU
		{D27CF69D-4681-492A-BE4D-D3D209104423}.Debug|Any CPU.Build.0 = Debug|Any CPU
		{D27CF69D-4681-492A-BE4D-D3D209104423}.Debug|Mixed Platforms.ActiveCfg = Debug|Any CPU
		{D27CF69D-4681-492A-BE4D-D3D209104423}.Debug|Mixed Platforms.Build.0 = Debug|Any CPU
		{D27CF69D-4681-492A-BE4D-D3D209104423}.Debug|x64.ActiveCfg = Debug|Any CPU
		{D27CF69D-4681-492A-BE4D-D3D209104423}.Release|Any CPU.ActiveCfg = Release|Any CPU
		{D27CF69D-4681-492A-BE4D-D3D209104423}.Release|Any CPU.Build.0 = Release|Any CPU
		{D27CF69D-4681-492A-BE4D-D3D209104423}.Release|Mixed Platforms.ActiveCfg = Release|Any CPU
		{D27CF69D-4681-492A-BE4D-D3D209104423}.Release|Mixed Platforms.Build.0 = Release|Any CPU
		{D27CF69D-4681-492A-BE4D-D3D209104423}.Release|x64.ActiveCfg = Release|Any CPU
		{2F5F8C90-0BD1-424F-997C-7BC6280919D1}.Debug|Any CPU.ActiveCfg = Debug|Any CPU
		{2F5F8C90-0BD1-424F-997C-7BC6280919D1}.Debug|Any CPU.Build.0 = Debug|Any CPU
		{2F5F8C90-0BD1-424F-997C-7BC6280919D1}.Debug|Mixed Platforms.ActiveCfg = Debug|Any CPU
		{2F5F8C90-0BD1-424F-997C-7BC6280919D1}.Debug|Mixed Platforms.Build.0 = Debug|Any CPU
		{2F5F8C90-0BD1-424F-997C-7BC6280919D1}.Debug|x64.ActiveCfg = Debug|Any CPU
		{2F5F8C90-0BD1-424F-997C-7BC6280919D1}.Release|Any CPU.ActiveCfg = Release|Any CPU
		{2F5F8C90-0BD1-424F-997C-7BC6280919D1}.Release|Any CPU.Build.0 = Release|Any CPU
		{2F5F8C90-0BD1-424F-997C-7BC6280919D1}.Release|Mixed Platforms.ActiveCfg = Release|Any CPU
		{2F5F8C90-0BD1-424F-997C-7BC6280919D1}.Release|Mixed Platforms.Build.0 = Release|Any CPU
		{2F5F8C90-0BD1-424F-997C-7BC6280919D1}.Release|x64.ActiveCfg = Release|Any CPU
	EndGlobalSection
	GlobalSection(SolutionProperties) = preSolution
		HideSolutionNode = FALSE
	EndGlobalSection
EndGlobal
